// !$*UTF8*$!
{
	archiveVersion = 1;
	classes = {
	};
	objectVersion = 56;
	objects = {

/* Begin PBXBuildFile section */
		3F288CCA299EB03700B8F909 /* janken_RockPaperScissorsApp.swift in Sources */ = {isa = PBXBuildFile; fileRef = 3F288CC9299EB03700B8F909 /* janken_RockPaperScissorsApp.swift */; };
		3F288CCC299EB03700B8F909 /* ContentView.swift in Sources */ = {isa = PBXBuildFile; fileRef = 3F288CCB299EB03700B8F909 /* ContentView.swift */; };
		3F288CCE299EB03900B8F909 /* Assets.xcassets in Resources */ = {isa = PBXBuildFile; fileRef = 3F288CCD299EB03900B8F909 /* Assets.xcassets */; };
		3F288CD1299EB03900B8F909 /* Preview Assets.xcassets in Resources */ = {isa = PBXBuildFile; fileRef = 3F288CD0299EB03900B8F909 /* Preview Assets.xcassets */; };
		3F288CDB299EB03900B8F909 /* janken_RockPaperScissorsTests.swift in Sources */ = {isa = PBXBuildFile; fileRef = 3F288CDA299EB03900B8F909 /* janken_RockPaperScissorsTests.swift */; };
		3F288CE5299EB03900B8F909 /* janken_RockPaperScissorsUITests.swift in Sources */ = {isa = PBXBuildFile; fileRef = 3F288CE4299EB03900B8F909 /* janken_RockPaperScissorsUITests.swift */; };
		3F288CE7299EB03900B8F909 /* janken_RockPaperScissorsUITestsLaunchTests.swift in Sources */ = {isa = PBXBuildFile; fileRef = 3F288CE6299EB03900B8F909 /* janken_RockPaperScissorsUITestsLaunchTests.swift */; };
/* End PBXBuildFile section */

/* Begin PBXContainerItemProxy section */
		3F288CD7299EB03900B8F909 /* PBXContainerItemProxy */ = {
			isa = PBXContainerItemProxy;
			containerPortal = 3F288CBE299EB03700B8F909 /* Project object */;
			proxyType = 1;
			remoteGlobalIDString = 3F288CC5299EB03700B8F909;
			remoteInfo = janken_RockPaperScissors;
		};
		3F288CE1299EB03900B8F909 /* PBXContainerItemProxy */ = {
			isa = PBXContainerItemProxy;
			containerPortal = 3F288CBE299EB03700B8F909 /* Project object */;
			proxyType = 1;
			remoteGlobalIDString = 3F288CC5299EB03700B8F909;
			remoteInfo = janken_RockPaperScissors;
		};
/* End PBXContainerItemProxy section */

/* Begin PBXFileReference section */
		3F288CC6299EB03700B8F909 /* janken_RockPaperScissors.app */ = {isa = PBXFileReference; explicitFileType = wrapper.application; includeInIndex = 0; path = janken_RockPaperScissors.app; sourceTree = BUILT_PRODUCTS_DIR; };
		3F288CC9299EB03700B8F909 /* janken_RockPaperScissorsApp.swift */ = {isa = PBXFileReference; lastKnownFileType = sourcecode.swift; path = janken_RockPaperScissorsApp.swift; sourceTree = "<group>"; };
		3F288CCB299EB03700B8F909 /* ContentView.swift */ = {isa = PBXFileReference; lastKnownFileType = sourcecode.swift; path = ContentView.swift; sourceTree = "<group>"; };
		3F288CCD299EB03900B8F909 /* Assets.xcassets */ = {isa = PBXFileReference; lastKnownFileType = folder.assetcatalog; path = Assets.xcassets; sourceTree = "<group>"; };
		3F288CD0299EB03900B8F909 /* Preview Assets.xcassets */ = {isa = PBXFileReference; lastKnownFileType = folder.assetcatalog; path = "Preview Assets.xcassets"; sourceTree = "<group>"; };
		3F288CD6299EB03900B8F909 /* janken_RockPaperScissorsTests.xctest */ = {isa = PBXFileReference; explicitFileType = wrapper.cfbundle; includeInIndex = 0; path = janken_RockPaperScissorsTests.xctest; sourceTree = BUILT_PRODUCTS_DIR; };
		3F288CDA299EB03900B8F909 /* janken_RockPaperScissorsTests.swift */ = {isa = PBXFileReference; lastKnownFileType = sourcecode.swift; path = janken_RockPaperScissorsTests.swift; sourceTree = "<group>"; };
		3F288CE0299EB03900B8F909 /* janken_RockPaperScissorsUITests.xctest */ = {isa = PBXFileReference; explicitFileType = wrapper.cfbundle; includeInIndex = 0; path = janken_RockPaperScissorsUITests.xctest; sourceTree = BUILT_PRODUCTS_DIR; };
		3F288CE4299EB03900B8F909 /* janken_RockPaperScissorsUITests.swift */ = {isa = PBXFileReference; lastKnownFileType = sourcecode.swift; path = janken_RockPaperScissorsUITests.swift; sourceTree = "<group>"; };
		3F288CE6299EB03900B8F909 /* janken_RockPaperScissorsUITestsLaunchTests.swift */ = {isa = PBXFileReference; lastKnownFileType = sourcecode.swift; path = janken_RockPaperScissorsUITestsLaunchTests.swift; sourceTree = "<group>"; };
/* End PBXFileReference section */

/* Begin PBXFrameworksBuildPhase section */
		3F288CC3299EB03700B8F909 /* Frameworks */ = {
			isa = PBXFrameworksBuildPhase;
			buildActionMask = 2147483647;
			files = (
			);
			runOnlyForDeploymentPostprocessing = 0;
		};
		3F288CD3299EB03900B8F909 /* Frameworks */ = {
			isa = PBXFrameworksBuildPhase;
			buildActionMask = 2147483647;
			files = (
			);
			runOnlyForDeploymentPostprocessing = 0;
		};
		3F288CDD299EB03900B8F909 /* Frameworks */ = {
			isa = PBXFrameworksBuildPhase;
			buildActionMask = 2147483647;
			files = (
			);
			runOnlyForDeploymentPostprocessing = 0;
		};
/* End PBXFrameworksBuildPhase section */

/* Begin PBXGroup section */
		3F288CBD299EB03700B8F909 = {
			isa = PBXGroup;
			children = (
				3F288CC8299EB03700B8F909 /* janken_RockPaperScissors */,
				3F288CD9299EB03900B8F909 /* janken_RockPaperScissorsTests */,
				3F288CE3299EB03900B8F909 /* janken_RockPaperScissorsUITests */,
				3F288CC7299EB03700B8F909 /* Products */,
			);
			sourceTree = "<group>";
		};
		3F288CC7299EB03700B8F909 /* Products */ = {
			isa = PBXGroup;
			children = (
				3F288CC6299EB03700B8F909 /* janken_RockPaperScissors.app */,
				3F288CD6299EB03900B8F909 /* janken_RockPaperScissorsTests.xctest */,
				3F288CE0299EB03900B8F909 /* janken_RockPaperScissorsUITests.xctest */,
			);
			name = Products;
			sourceTree = "<group>";
		};
		3F288CC8299EB03700B8F909 /* janken_RockPaperScissors */ = {
			isa = PBXGroup;
			children = (
				3F288CC9299EB03700B8F909 /* janken_RockPaperScissorsApp.swift */,
				3F288CCB299EB03700B8F909 /* ContentView.swift */,
				3F288CCD299EB03900B8F909 /* Assets.xcassets */,
				3F288CCF299EB03900B8F909 /* Preview Content */,
			);
			path = janken_RockPaperScissors;
			sourceTree = "<group>";
		};
		3F288CCF299EB03900B8F909 /* Preview Content */ = {
			isa = PBXGroup;
			children = (
				3F288CD0299EB03900B8F909 /* Preview Assets.xcassets */,
			);
			path = "Preview Content";
			sourceTree = "<group>";
		};
		3F288CD9299EB03900B8F909 /* janken_RockPaperScissorsTests */ = {
			isa = PBXGroup;
			children = (
				3F288CDA299EB03900B8F909 /* janken_RockPaperScissorsTests.swift */,
			);
			path = janken_RockPaperScissorsTests;
			sourceTree = "<group>";
		};
		3F288CE3299EB03900B8F909 /* janken_RockPaperScissorsUITests */ = {
			isa = PBXGroup;
			children = (
				3F288CE4299EB03900B8F909 /* janken_RockPaperScissorsUITests.swift */,
				3F288CE6299EB03900B8F909 /* janken_RockPaperScissorsUITestsLaunchTests.swift */,
			);
			path = janken_RockPaperScissorsUITests;
			sourceTree = "<group>";
		};
/* End PBXGroup section */

/* Begin PBXNativeTarget section */
		3F288CC5299EB03700B8F909 /* janken_RockPaperScissors */ = {
			isa = PBXNativeTarget;
			buildConfigurationList = 3F288CEA299EB03900B8F909 /* Build configuration list for PBXNativeTarget "janken_RockPaperScissors" */;
			buildPhases = (
				3F288CC2299EB03700B8F909 /* Sources */,
				3F288CC3299EB03700B8F909 /* Frameworks */,
				3F288CC4299EB03700B8F909 /* Resources */,
			);
			buildRules = (
			);
			dependencies = (
			);
			name = janken_RockPaperScissors;
			productName = janken_RockPaperScissors;
			productReference = 3F288CC6299EB03700B8F909 /* janken_RockPaperScissors.app */;
			productType = "com.apple.product-type.application";
		};
		3F288CD5299EB03900B8F909 /* janken_RockPaperScissorsTests */ = {
			isa = PBXNativeTarget;
			buildConfigurationList = 3F288CED299EB03900B8F909 /* Build configuration list for PBXNativeTarget "janken_RockPaperScissorsTests" */;
			buildPhases = (
				3F288CD2299EB03900B8F909 /* Sources */,
				3F288CD3299EB03900B8F909 /* Frameworks */,
				3F288CD4299EB03900B8F909 /* Resources */,
			);
			buildRules = (
			);
			dependencies = (
				3F288CD8299EB03900B8F909 /* PBXTargetDependency */,
			);
			name = janken_RockPaperScissorsTests;
			productName = janken_RockPaperScissorsTests;
			productReference = 3F288CD6299EB03900B8F909 /* janken_RockPaperScissorsTests.xctest */;
			productType = "com.apple.product-type.bundle.unit-test";
		};
		3F288CDF299EB03900B8F909 /* janken_RockPaperScissorsUITests */ = {
			isa = PBXNativeTarget;
			buildConfigurationList = 3F288CF0299EB03900B8F909 /* Build configuration list for PBXNativeTarget "janken_RockPaperScissorsUITests" */;
			buildPhases = (
				3F288CDC299EB03900B8F909 /* Sources */,
				3F288CDD299EB03900B8F909 /* Frameworks */,
				3F288CDE299EB03900B8F909 /* Resources */,
			);
			buildRules = (
			);
			dependencies = (
				3F288CE2299EB03900B8F909 /* PBXTargetDependency */,
			);
			name = janken_RockPaperScissorsUITests;
			productName = janken_RockPaperScissorsUITests;
			productReference = 3F288CE0299EB03900B8F909 /* janken_RockPaperScissorsUITests.xctest */;
			productType = "com.apple.product-type.bundle.ui-testing";
		};
/* End PBXNativeTarget section */

/* Begin PBXProject section */
		3F288CBE299EB03700B8F909 /* Project object */ = {
			isa = PBXProject;
			attributes = {
				BuildIndependentTargetsInParallel = 1;
				LastSwiftUpdateCheck = 1420;
				LastUpgradeCheck = 1420;
				TargetAttributes = {
					3F288CC5299EB03700B8F909 = {
						CreatedOnToolsVersion = 14.2;
					};
					3F288CD5299EB03900B8F909 = {
						CreatedOnToolsVersion = 14.2;
						TestTargetID = 3F288CC5299EB03700B8F909;
					};
					3F288CDF299EB03900B8F909 = {
						CreatedOnToolsVersion = 14.2;
						TestTargetID = 3F288CC5299EB03700B8F909;
					};
				};
			};
			buildConfigurationList = 3F288CC1299EB03700B8F909 /* Build configuration list for PBXProject "janken_RockPaperScissors" */;
			compatibilityVersion = "Xcode 14.0";
			developmentRegion = en;
			hasScannedForEncodings = 0;
			knownRegions = (
				en,
				Base,
			);
			mainGroup = 3F288CBD299EB03700B8F909;
			productRefGroup = 3F288CC7299EB03700B8F909 /* Products */;
			projectDirPath = "";
			projectRoot = "";
			targets = (
				3F288CC5299EB03700B8F909 /* janken_RockPaperScissors */,
				3F288CD5299EB03900B8F909 /* janken_RockPaperScissorsTests */,
				3F288CDF299EB03900B8F909 /* janken_RockPaperScissorsUITests */,
			);
		};
/* End PBXProject section */

/* Begin PBXResourcesBuildPhase section */
		3F288CC4299EB03700B8F909 /* Resources */ = {
			isa = PBXResourcesBuildPhase;
			buildActionMask = 2147483647;
			files = (
				3F288CD1299EB03900B8F909 /* Preview Assets.xcassets in Resources */,
				3F288CCE299EB03900B8F909 /* Assets.xcassets in Resources */,
			);
			runOnlyForDeploymentPostprocessing = 0;
		};
		3F288CD4299EB03900B8F909 /* Resources */ = {
			isa = PBXResourcesBuildPhase;
			buildActionMask = 2147483647;
			files = (
			);
			runOnlyForDeploymentPostprocessing = 0;
		};
		3F288CDE299EB03900B8F909 /* Resources */ = {
			isa = PBXResourcesBuildPhase;
			buildActionMask = 2147483647;
			files = (
			);
			runOnlyForDeploymentPostprocessing = 0;
		};
/* End PBXResourcesBuildPhase section */

/* Begin PBXSourcesBuildPhase section */
		3F288CC2299EB03700B8F909 /* Sources */ = {
			isa = PBXSourcesBuildPhase;
			buildActionMask = 2147483647;
			files = (
				3F288CCC299EB03700B8F909 /* ContentView.swift in Sources */,
				3F288CCA299EB03700B8F909 /* janken_RockPaperScissorsApp.swift in Sources */,
			);
			runOnlyForDeploymentPostprocessing = 0;
		};
		3F288CD2299EB03900B8F909 /* Sources */ = {
			isa = PBXSourcesBuildPhase;
			buildActionMask = 2147483647;
			files = (
				3F288CDB299EB03900B8F909 /* janken_RockPaperScissorsTests.swift in Sources */,
			);
			runOnlyForDeploymentPostprocessing = 0;
		};
		3F288CDC299EB03900B8F909 /* Sources */ = {
			isa = PBXSourcesBuildPhase;
			buildActionMask = 2147483647;
			files = (
				3F288CE7299EB03900B8F909 /* janken_RockPaperScissorsUITestsLaunchTests.swift in Sources */,
				3F288CE5299EB03900B8F909 /* janken_RockPaperScissorsUITests.swift in Sources */,
			);
			runOnlyForDeploymentPostprocessing = 0;
		};
/* End PBXSourcesBuildPhase section */

/* Begin PBXTargetDependency section */
		3F288CD8299EB03900B8F909 /* PBXTargetDependency */ = {
			isa = PBXTargetDependency;
			target = 3F288CC5299EB03700B8F909 /* janken_RockPaperScissors */;
			targetProxy = 3F288CD7299EB03900B8F909 /* PBXContainerItemProxy */;
		};
		3F288CE2299EB03900B8F909 /* PBXTargetDependency */ = {
			isa = PBXTargetDependency;
			target = 3F288CC5299EB03700B8F909 /* janken_RockPaperScissors */;
			targetProxy = 3F288CE1299EB03900B8F909 /* PBXContainerItemProxy */;
		};
/* End PBXTargetDependency section */

/* Begin XCBuildConfiguration section */
		3F288CE8299EB03900B8F909 /* Debug */ = {
			isa = XCBuildConfiguration;
			buildSettings = {
				ALWAYS_SEARCH_USER_PATHS = NO;
				CLANG_ANALYZER_NONNULL = YES;
				CLANG_ANALYZER_NUMBER_OBJECT_CONVERSION = YES_AGGRESSIVE;
				CLANG_CXX_LANGUAGE_STANDARD = "gnu++20";
				CLANG_ENABLE_MODULES = YES;
				CLANG_ENABLE_OBJC_ARC = YES;
				CLANG_ENABLE_OBJC_WEAK = YES;
				CLANG_WARN_BLOCK_CAPTURE_AUTORELEASING = YES;
				CLANG_WARN_BOOL_CONVERSION = YES;
				CLANG_WARN_COMMA = YES;
				CLANG_WARN_CONSTANT_CONVERSION = YES;
				CLANG_WARN_DEPRECATED_OBJC_IMPLEMENTATIONS = YES;
				CLANG_WARN_DIRECT_OBJC_ISA_USAGE = YES_ERROR;
				CLANG_WARN_DOCUMENTATION_COMMENTS = YES;
				CLANG_WARN_EMPTY_BODY = YES;
				CLANG_WARN_ENUM_CONVERSION = YES;
				CLANG_WARN_INFINITE_RECURSION = YES;
				CLANG_WARN_INT_CONVERSION = YES;
				CLANG_WARN_NON_LITERAL_NULL_CONVERSION = YES;
				CLANG_WARN_OBJC_IMPLICIT_RETAIN_SELF = YES;
				CLANG_WARN_OBJC_LITERAL_CONVERSION = YES;
				CLANG_WARN_OBJC_ROOT_CLASS = YES_ERROR;
				CLANG_WARN_QUOTED_INCLUDE_IN_FRAMEWORK_HEADER = YES;
				CLANG_WARN_RANGE_LOOP_ANALYSIS = YES;
				CLANG_WARN_STRICT_PROTOTYPES = YES;
				CLANG_WARN_SUSPICIOUS_MOVE = YES;
				CLANG_WARN_UNGUARDED_AVAILABILITY = YES_AGGRESSIVE;
				CLANG_WARN_UNREACHABLE_CODE = YES;
				CLANG_WARN__DUPLICATE_METHOD_MATCH = YES;
				COPY_PHASE_STRIP = NO;
				DEBUG_INFORMATION_FORMAT = dwarf;
				ENABLE_STRICT_OBJC_MSGSEND = YES;
				ENABLE_TESTABILITY = YES;
				GCC_C_LANGUAGE_STANDARD = gnu11;
				GCC_DYNAMIC_NO_PIC = NO;
				GCC_NO_COMMON_BLOCKS = YES;
				GCC_OPTIMIZATION_LEVEL = 0;
				GCC_PREPROCESSOR_DEFINITIONS = (
					"DEBUG=1",
					"$(inherited)",
				);
				GCC_WARN_64_TO_32_BIT_CONVERSION = YES;
				GCC_WARN_ABOUT_RETURN_TYPE = YES_ERROR;
				GCC_WARN_UNDECLARED_SELECTOR = YES;
				GCC_WARN_UNINITIALIZED_AUTOS = YES_AGGRESSIVE;
				GCC_WARN_UNUSED_FUNCTION = YES;
				GCC_WARN_UNUSED_VARIABLE = YES;
				IPHONEOS_DEPLOYMENT_TARGET = 16.2;
				MTL_ENABLE_DEBUG_INFO = INCLUDE_SOURCE;
				MTL_FAST_MATH = YES;
				ONLY_ACTIVE_ARCH = YES;
				SDKROOT = iphoneos;
				SWIFT_ACTIVE_COMPILATION_CONDITIONS = DEBUG;
				SWIFT_OPTIMIZATION_LEVEL = "-Onone";
			};
			name = Debug;
		};
		3F288CE9299EB03900B8F909 /* Release */ = {
			isa = XCBuildConfiguration;
			buildSettings = {
				ALWAYS_SEARCH_USER_PATHS = NO;
				CLANG_ANALYZER_NONNULL = YES;
				CLANG_ANALYZER_NUMBER_OBJECT_CONVERSION = YES_AGGRESSIVE;
				CLANG_CXX_LANGUAGE_STANDARD = "gnu++20";
				CLANG_ENABLE_MODULES = YES;
				CLANG_ENABLE_OBJC_ARC = YES;
				CLANG_ENABLE_OBJC_WEAK = YES;
				CLANG_WARN_BLOCK_CAPTURE_AUTORELEASING = YES;
				CLANG_WARN_BOOL_CONVERSION = YES;
				CLANG_WARN_COMMA = YES;
				CLANG_WARN_CONSTANT_CONVERSION = YES;
				CLANG_WARN_DEPRECATED_OBJC_IMPLEMENTATIONS = YES;
				CLANG_WARN_DIRECT_OBJC_ISA_USAGE = YES_ERROR;
				CLANG_WARN_DOCUMENTATION_COMMENTS = YES;
				CLANG_WARN_EMPTY_BODY = YES;
				CLANG_WARN_ENUM_CONVERSION = YES;
				CLANG_WARN_INFINITE_RECURSION = YES;
				CLANG_WARN_INT_CONVERSION = YES;
				CLANG_WARN_NON_LITERAL_NULL_CONVERSION = YES;
				CLANG_WARN_OBJC_IMPLICIT_RETAIN_SELF = YES;
				CLANG_WARN_OBJC_LITERAL_CONVERSION = YES;
				CLANG_WARN_OBJC_ROOT_CLASS = YES_ERROR;
				CLANG_WARN_QUOTED_INCLUDE_IN_FRAMEWORK_HEADER = YES;
				CLANG_WARN_RANGE_LOOP_ANALYSIS = YES;
				CLANG_WARN_STRICT_PROTOTYPES = YES;
				CLANG_WARN_SUSPICIOUS_MOVE = YES;
				CLANG_WARN_UNGUARDED_AVAILABILITY = YES_AGGRESSIVE;
				CLANG_WARN_UNREACHABLE_CODE = YES;
				CLANG_WARN__DUPLICATE_METHOD_MATCH = YES;
				COPY_PHASE_STRIP = NO;
				DEBUG_INFORMATION_FORMAT = "dwarf-with-dsym";
				ENABLE_NS_ASSERTIONS = NO;
				ENABLE_STRICT_OBJC_MSGSEND = YES;
				GCC_C_LANGUAGE_STANDARD = gnu11;
				GCC_NO_COMMON_BLOCKS = YES;
				GCC_WARN_64_TO_32_BIT_CONVERSION = YES;
				GCC_WARN_ABOUT_RETURN_TYPE = YES_ERROR;
				GCC_WARN_UNDECLARED_SELECTOR = YES;
				GCC_WARN_UNINITIALIZED_AUTOS = YES_AGGRESSIVE;
				GCC_WARN_UNUSED_FUNCTION = YES;
				GCC_WARN_UNUSED_VARIABLE = YES;
				IPHONEOS_DEPLOYMENT_TARGET = 16.2;
				MTL_ENABLE_DEBUG_INFO = NO;
				MTL_FAST_MATH = YES;
				SDKROOT = iphoneos;
				SWIFT_COMPILATION_MODE = wholemodule;
				SWIFT_OPTIMIZATION_LEVEL = "-O";
				VALIDATE_PRODUCT = YES;
			};
			name = Release;
		};
		3F288CEB299EB03900B8F909 /* Debug */ = {
			isa = XCBuildConfiguration;
			buildSettings = {
				ASSETCATALOG_COMPILER_APPICON_NAME = AppIcon;
				ASSETCATALOG_COMPILER_GLOBAL_ACCENT_COLOR_NAME = AccentColor;
				CODE_SIGN_STYLE = Automatic;
				CURRENT_PROJECT_VERSION = 1;
				DEVELOPMENT_ASSET_PATHS = "\"janken_RockPaperScissors/Preview Content\"";
				ENABLE_PREVIEWS = YES;
				GENERATE_INFOPLIST_FILE = YES;
				INFOPLIST_KEY_UIApplicationSceneManifest_Generation = YES;
				INFOPLIST_KEY_UIApplicationSupportsIndirectInputEvents = YES;
				INFOPLIST_KEY_UILaunchScreen_Generation = YES;
				INFOPLIST_KEY_UISupportedInterfaceOrientations_iPad = "UIInterfaceOrientationPortrait UIInterfaceOrientationPortraitUpsideDown UIInterfaceOrientationLandscapeLeft UIInterfaceOrientationLandscapeRight";
				INFOPLIST_KEY_UISupportedInterfaceOrientations_iPhone = "UIInterfaceOrientationPortrait UIInterfaceOrientationLandscapeLeft UIInterfaceOrientationLandscapeRight";
				LD_RUNPATH_SEARCH_PATHS = (
					"$(inherited)",
					"@executable_path/Frameworks",
				);
				MARKETING_VERSION = 1.0;
				PRODUCT_BUNDLE_IDENTIFIER = "SeikaHirori.janken-RockPaperScissors";
				PRODUCT_NAME = "$(TARGET_NAME)";
				SWIFT_EMIT_LOC_STRINGS = YES;
				SWIFT_VERSION = 5.0;
				TARGETED_DEVICE_FAMILY = "1,2";
			};
			name = Debug;
		};
		3F288CEC299EB03900B8F909 /* Release */ = {
			isa = XCBuildConfiguration;
			buildSettings = {
				ASSETCATALOG_COMPILER_APPICON_NAME = AppIcon;
				ASSETCATALOG_COMPILER_GLOBAL_ACCENT_COLOR_NAME = AccentColor;
				CODE_SIGN_STYLE = Automatic;
				CURRENT_PROJECT_VERSION = 1;
				DEVELOPMENT_ASSET_PATHS = "\"janken_RockPaperScissors/Preview Content\"";
				ENABLE_PREVIEWS = YES;
				GENERATE_INFOPLIST_FILE = YES;
				INFOPLIST_KEY_UIApplicationSceneManifest_Generation = YES;
				INFOPLIST_KEY_UIApplicationSupportsIndirectInputEvents = YES;
				INFOPLIST_KEY_UILaunchScreen_Generation = YES;
				INFOPLIST_KEY_UISupportedInterfaceOrientations_iPad = "UIInterfaceOrientationPortrait UIInterfaceOrientationPortraitUpsideDown UIInterfaceOrientationLandscapeLeft UIInterfaceOrientationLandscapeRight";
				INFOPLIST_KEY_UISupportedInterfaceOrientations_iPhone = "UIInterfaceOrientationPortrait UIInterfaceOrientationLandscapeLeft UIInterfaceOrientationLandscapeRight";
				LD_RUNPATH_SEARCH_PATHS = (
					"$(inherited)",
					"@executable_path/Frameworks",
				);
				MARKETING_VERSION = 1.0;
				PRODUCT_BUNDLE_IDENTIFIER = "SeikaHirori.janken-RockPaperScissors";
				PRODUCT_NAME = "$(TARGET_NAME)";
				SWIFT_EMIT_LOC_STRINGS = YES;
				SWIFT_VERSION = 5.0;
				TARGETED_DEVICE_FAMILY = "1,2";
			};
			name = Release;
		};
		3F288CEE299EB03900B8F909 /* Debug */ = {
			isa = XCBuildConfiguration;
			buildSettings = {
				ALWAYS_EMBED_SWIFT_STANDARD_LIBRARIES = YES;
				BUNDLE_LOADER = "$(TEST_HOST)";
				CODE_SIGN_STYLE = Automatic;
				CURRENT_PROJECT_VERSION = 1;
				GENERATE_INFOPLIST_FILE = YES;
				IPHONEOS_DEPLOYMENT_TARGET = 16.2;
				MARKETING_VERSION = 1.0;
				PRODUCT_BUNDLE_IDENTIFIER = "SeikaHirori.janken-RockPaperScissorsTests";
				PRODUCT_NAME = "$(TARGET_NAME)";
				SWIFT_EMIT_LOC_STRINGS = NO;
				SWIFT_VERSION = 5.0;
				TARGETED_DEVICE_FAMILY = "1,2";
				TEST_HOST = "$(BUILT_PRODUCTS_DIR)/janken_RockPaperScissors.app/$(BUNDLE_EXECUTABLE_FOLDER_PATH)/janken_RockPaperScissors";
			};
			name = Debug;
		};
		3F288CEF299EB03900B8F909 /* Release */ = {
			isa = XCBuildConfiguration;
			buildSettings = {
				ALWAYS_EMBED_SWIFT_STANDARD_LIBRARIES = YES;
				BUNDLE_LOADER = "$(TEST_HOST)";
				CODE_SIGN_STYLE = Automatic;
				CURRENT_PROJECT_VERSION = 1;
				GENERATE_INFOPLIST_FILE = YES;
				IPHONEOS_DEPLOYMENT_TARGET = 16.2;
				MARKETING_VERSION = 1.0;
				PRODUCT_BUNDLE_IDENTIFIER = "SeikaHirori.janken-RockPaperScissorsTests";
				PRODUCT_NAME = "$(TARGET_NAME)";
				SWIFT_EMIT_LOC_STRINGS = NO;
				SWIFT_VERSION = 5.0;
				TARGETED_DEVICE_FAMILY = "1,2";
				TEST_HOST = "$(BUILT_PRODUCTS_DIR)/janken_RockPaperScissors.app/$(BUNDLE_EXECUTABLE_FOLDER_PATH)/janken_RockPaperScissors";
			};
			name = Release;
		};
		3F288CF1299EB03900B8F909 /* Debug */ = {
			isa = XCBuildConfiguration;
			buildSettings = {
				ALWAYS_EMBED_SWIFT_STANDARD_LIBRARIES = YES;
				CODE_SIGN_STYLE = Automatic;
				CURRENT_PROJECT_VERSION = 1;
				GENERATE_INFOPLIST_FILE = YES;
				MARKETING_VERSION = 1.0;
				PRODUCT_BUNDLE_IDENTIFIER = "SeikaHirori.janken-RockPaperScissorsUITests";
				PRODUCT_NAME = "$(TARGET_NAME)";
				SWIFT_EMIT_LOC_STRINGS = NO;
				SWIFT_VERSION = 5.0;
				TARGETED_DEVICE_FAMILY = "1,2";
				TEST_TARGET_NAME = janken_RockPaperScissors;
			};
			name = Debug;
		};
		3F288CF2299EB03900B8F909 /* Release */ = {
			isa = XCBuildConfiguration;
			buildSettings = {
				ALWAYS_EMBED_SWIFT_STANDARD_LIBRARIES = YES;
				CODE_SIGN_STYLE = Automatic;
				CURRENT_PROJECT_VERSION = 1;
				GENERATE_INFOPLIST_FILE = YES;
				MARKETING_VERSION = 1.0;
				PRODUCT_BUNDLE_IDENTIFIER = "SeikaHirori.janken-RockPaperScissorsUITests";
				PRODUCT_NAME = "$(TARGET_NAME)";
				SWIFT_EMIT_LOC_STRINGS = NO;
				SWIFT_VERSION = 5.0;
				TARGETED_DEVICE_FAMILY = "1,2";
				TEST_TARGET_NAME = janken_RockPaperScissors;
			};
			name = Release;
		};
/* End XCBuildConfiguration section */

/* Begin XCConfigurationList section */
		3F288CC1299EB03700B8F909 /* Build configuration list for PBXProject "janken_RockPaperScissors" */ = {
			isa = XCConfigurationList;
			buildConfigurations = (
				3F288CE8299EB03900B8F909 /* Debug */,
				3F288CE9299EB03900B8F909 /* Release */,
			);
			defaultConfigurationIsVisible = 0;
			defaultConfigurationName = Release;
		};
		3F288CEA299EB03900B8F909 /* Build configuration list for PBXNativeTarget "janken_RockPaperScissors" */ = {
			isa = XCConfigurationList;
			buildConfigurations = (
				3F288CEB299EB03900B8F909 /* Debug */,
				3F288CEC299EB03900B8F909 /* Release */,
			);
			defaultConfigurationIsVisible = 0;
			defaultConfigurationName = Release;
		};
		3F288CED299EB03900B8F909 /* Build configuration list for PBXNativeTarget "janken_RockPaperScissorsTests" */ = {
			isa = XCConfigurationList;
			buildConfigurations = (
				3F288CEE299EB03900B8F909 /* Debug */,
				3F288CEF299EB03900B8F909 /* Release */,
			);
			defaultConfigurationIsVisible = 0;
			defaultConfigurationName = Release;
		};
		3F288CF0299EB03900B8F909 /* Build configuration list for PBXNativeTarget "janken_RockPaperScissorsUITests" */ = {
			isa = XCConfigurationList;
			buildConfigurations = (
				3F288CF1299EB03900B8F909 /* Debug */,
				3F288CF2299EB03900B8F909 /* Release */,
			);
			defaultConfigurationIsVisible = 0;
			defaultConfigurationName = Release;
		};
/* End XCConfigurationList section */
	};
	rootObject = 3F288CBE299EB03700B8F909 /* Project object */;
}
